
Microsoft Visual Studio Solution File, Format Version 12.00
# Visual Studio Version 17
VisualStudioVersion = 17.14.37027.9 d17.14
MinimumVisualStudioVersion = 10.0.40219.1
Project("{FAE04EC0-301F-11D3-BF4B-00C04F79EFBC}") = "LoadoutsKeybindSwap", "LoadoutsKeybindSwap.csproj", "{9669C59C-0DF8-ED90-E22F-2B0C126F7756}"
EndProject
Global
	GlobalSection(SolutionConfigurationPlatforms) = preSolution
		Debug|Any CPU = Debug|Any CPU
		Release|Any CPU = Release|Any CPU
	EndGlobalSection
	GlobalSection(ProjectConfigurationPlatforms) = postSolution
		{9669C59C-0DF8-ED90-E22F-2B0C126F7756}.Debug|Any CPU.ActiveCfg = Debug|Any CPU
		{9669C59C-0DF8-ED90-E22F-2B0C126F7756}.Debug|Any CPU.Build.0 = Debug|Any CPU
		{9669C59C-0DF8-ED90-E22F-2B0C126F7756}.Release|Any CPU.ActiveCfg = Release|Any CPU
		{9669C59C-0DF8-ED90-E22F-2B0C126F7756}.Release|Any CPU.Build.0 = Release|Any CPU
	EndGlobalSection
	GlobalSection(SolutionProperties) = preSolution
		HideSolutionNode = FALSE
	EndGlobalSection
	GlobalSection(ExtensibilityGlobals) = postSolution
		SolutionGuid = {A6F5D660-B1D7-4EBE-826F-746463DC2F81}
	EndGlobalSection
EndGlobal
